
Microsoft Visual Studio Solution File, Format Version 12.00
# Visual Studio Version 17
VisualStudioVersion = 17.11.35208.52
MinimumVisualStudioVersion = 10.0.40219.1
Project("{9A19103F-16F7-4668-BE54-9A1E7A4F7556}") = "MidiLearner", "MidiLearner.csproj", "{1DF3A3A9-C5CB-4D42-AE22-4AB5488E23CA}"
EndProject
Global
	GlobalSection(SolutionConfigurationPlatforms) = preSolution
		Debug|Any CPU = Debug|Any CPU
		Debug|x64 = Debug|x64
		Release|Any CPU = Release|Any CPU
		Release|x64 = Release|x64
	EndGlobalSection
	GlobalSection(ProjectConfigurationPlatforms) = postSolution
		{1DF3A3A9-C5CB-4D42-AE22-4AB5488E23CA}.Debug|Any CPU.ActiveCfg = Debug|Any CPU
		{1DF3A3A9-C5CB-4D42-AE22-4AB5488E23CA}.Debug|Any CPU.Build.0 = Debug|Any CPU
		{1DF3A3A9-C5CB-4D42-AE22-4AB5488E23CA}.Debug|x64.ActiveCfg = Debug|x64
		{1DF3A3A9-C5CB-4D42-AE22-4AB5488E23CA}.Debug|x64.Build.0 = Debug|x64
		{1DF3A3A9-C5CB-4D42-AE22-4AB5488E23CA}.Release|Any CPU.ActiveCfg = Release|Any CPU
		{1DF3A3A9-C5CB-4D42-AE22-4AB5488E23CA}.Release|Any CPU.Build.0 = Release|Any CPU
		{1DF3A3A9-C5CB-4D42-AE22-4AB5488E23CA}.Release|x64.ActiveCfg = Release|x64
		{1DF3A3A9-C5CB-4D42-AE22-4AB5488E23CA}.Release|x64.Build.0 = Release|x64
	EndGlobalSection
	GlobalSection(SolutionProperties) = preSolution
		HideSolutionNode = FALSE
	EndGlobalSection
	GlobalSection(ExtensibilityGlobals) = postSolution
		SolutionGuid = {AE692705-B01A-4DE3-ABF0-A0E351BB6E4C}
	EndGlobalSection
EndGlobal
